// !$*UTF8*$!
{
	archiveVersion = 1;
	classes = {
	};
	objectVersion = 55;
	objects = {

/* Begin PBXBuildFile section */
		52903A3923E267B57397466C /* Pods_MovieDB_Test_Coppel.framework in Frameworks */ = {isa = PBXBuildFile; fileRef = BE4EEBCB0F55734DEBDFD93A /* Pods_MovieDB_Test_Coppel.framework */; };
		A33D96C72998571E00588EEF /* AppDelegate.swift in Sources */ = {isa = PBXBuildFile; fileRef = A33D96C62998571E00588EEF /* AppDelegate.swift */; };
		A33D96C92998571E00588EEF /* SceneDelegate.swift in Sources */ = {isa = PBXBuildFile; fileRef = A33D96C82998571E00588EEF /* SceneDelegate.swift */; };
		A33D96CB2998571E00588EEF /* ViewController.swift in Sources */ = {isa = PBXBuildFile; fileRef = A33D96CA2998571E00588EEF /* ViewController.swift */; };
		A33D96CE2998571E00588EEF /* Main.storyboard in Resources */ = {isa = PBXBuildFile; fileRef = A33D96CC2998571E00588EEF /* Main.storyboard */; };
		A33D96D02998572000588EEF /* Assets.xcassets in Resources */ = {isa = PBXBuildFile; fileRef = A33D96CF2998572000588EEF /* Assets.xcassets */; };
		A33D96D32998572000588EEF /* LaunchScreen.storyboard in Resources */ = {isa = PBXBuildFile; fileRef = A33D96D12998572000588EEF /* LaunchScreen.storyboard */; };
		A33D96E029985AB200588EEF /* LoginViewController.swift in Sources */ = {isa = PBXBuildFile; fileRef = A33D96DF29985AB200588EEF /* LoginViewController.swift */; };
		A33D96E229985EAD00588EEF /* LoginView.swift in Sources */ = {isa = PBXBuildFile; fileRef = A33D96E129985EAD00588EEF /* LoginView.swift */; };
		A33D96E42998783900588EEF /* MainViewController.swift in Sources */ = {isa = PBXBuildFile; fileRef = A33D96E32998783900588EEF /* MainViewController.swift */; };
		A33D96E629988BD600588EEF /* MovieCollectionViewCell.swift in Sources */ = {isa = PBXBuildFile; fileRef = A33D96E529988BD600588EEF /* MovieCollectionViewCell.swift */; };
		A33D96E82999891100588EEF /* ProfileViewController.swift in Sources */ = {isa = PBXBuildFile; fileRef = A33D96E72999891100588EEF /* ProfileViewController.swift */; };
		A33D96EA2999C45200588EEF /* Movie.swift in Sources */ = {isa = PBXBuildFile; fileRef = A33D96E92999C45200588EEF /* Movie.swift */; };
		A33D96EC2999C5B800588EEF /* MovieResults.swift in Sources */ = {isa = PBXBuildFile; fileRef = A33D96EB2999C5B800588EEF /* MovieResults.swift */; };
		A33D96EF2999CF3500588EEF /* MovieCellViewModel.swift in Sources */ = {isa = PBXBuildFile; fileRef = A33D96EE2999CF3500588EEF /* MovieCellViewModel.swift */; };
		A33D96F12999E67E00588EEF /* APIService.swift in Sources */ = {isa = PBXBuildFile; fileRef = A33D96F02999E67E00588EEF /* APIService.swift */; };
		A33D96F32999F67800588EEF /* MovieDetailViewController.swift in Sources */ = {isa = PBXBuildFile; fileRef = A33D96F22999F67800588EEF /* MovieDetailViewController.swift */; };
		A33D96F5299AF35900588EEF /* MovieDetailViewModel.swift in Sources */ = {isa = PBXBuildFile; fileRef = A33D96F4299AF35900588EEF /* MovieDetailViewModel.swift */; };
		A33D96F7299AF79E00588EEF /* MovieDetailView.swift in Sources */ = {isa = PBXBuildFile; fileRef = A33D96F6299AF79E00588EEF /* MovieDetailView.swift */; };
		A33D96FA299B127000588EEF /* MovieDBModel.xcdatamodeld in Sources */ = {isa = PBXBuildFile; fileRef = A33D96F8299B127000588EEF /* MovieDBModel.xcdatamodeld */; };
		A33D96FD299B144D00588EEF /* UIViewController+Loader.swift in Sources */ = {isa = PBXBuildFile; fileRef = A33D96FC299B144D00588EEF /* UIViewController+Loader.swift */; };
		A33D9701299B17C200588EEF /* MovieEntity+CoreDataClass.swift in Sources */ = {isa = PBXBuildFile; fileRef = A33D96FF299B17C200588EEF /* MovieEntity+CoreDataClass.swift */; };
		A33D9702299B17C200588EEF /* MovieEntity+CoreDataProperties.swift in Sources */ = {isa = PBXBuildFile; fileRef = A33D9700299B17C200588EEF /* MovieEntity+CoreDataProperties.swift */; };
		A33D9704299B1FBA00588EEF /* CoreDataStack.swift in Sources */ = {isa = PBXBuildFile; fileRef = A33D9703299B1FB900588EEF /* CoreDataStack.swift */; };
		A33D9707299B29A700588EEF /* UserData.swift in Sources */ = {isa = PBXBuildFile; fileRef = A33D9706299B29A700588EEF /* UserData.swift */; };
		A3D69A7729A04BDC002FFB6C /* MovieResultsViewModel.swift in Sources */ = {isa = PBXBuildFile; fileRef = A3D69A7629A04BDC002FFB6C /* MovieResultsViewModel.swift */; };
		A3D69A7929A0715B002FFB6C /* UIViewController+Alert.swift in Sources */ = {isa = PBXBuildFile; fileRef = A3D69A7829A0715B002FFB6C /* UIViewController+Alert.swift */; };
/* End PBXBuildFile section */

/* Begin PBXFileReference section */
		08B451F81D7CEB5F8B97CAFF /* Pods-MovieDB Test Coppel.debug.xcconfig */ = {isa = PBXFileReference; includeInIndex = 1; lastKnownFileType = text.xcconfig; name = "Pods-MovieDB Test Coppel.debug.xcconfig"; path = "Target Support Files/Pods-MovieDB Test Coppel/Pods-MovieDB Test Coppel.debug.xcconfig"; sourceTree = "<group>"; };
		554012285B99FE5002E48A14 /* Pods-MovieDB Test Coppel.release.xcconfig */ = {isa = PBXFileReference; includeInIndex = 1; lastKnownFileType = text.xcconfig; name = "Pods-MovieDB Test Coppel.release.xcconfig"; path = "Target Support Files/Pods-MovieDB Test Coppel/Pods-MovieDB Test Coppel.release.xcconfig"; sourceTree = "<group>"; };
		A33D96C32998571E00588EEF /* MovieDB Test Coppel.app */ = {isa = PBXFileReference; explicitFileType = wrapper.application; includeInIndex = 0; path = "MovieDB Test Coppel.app"; sourceTree = BUILT_PRODUCTS_DIR; };
		A33D96C62998571E00588EEF /* AppDelegate.swift */ = {isa = PBXFileReference; lastKnownFileType = sourcecode.swift; path = AppDelegate.swift; sourceTree = "<group>"; };
		A33D96C82998571E00588EEF /* SceneDelegate.swift */ = {isa = PBXFileReference; lastKnownFileType = sourcecode.swift; path = SceneDelegate.swift; sourceTree = "<group>"; };
		A33D96CA2998571E00588EEF /* ViewController.swift */ = {isa = PBXFileReference; lastKnownFileType = sourcecode.swift; path = ViewController.swift; sourceTree = "<group>"; };
		A33D96CD2998571E00588EEF /* Base */ = {isa = PBXFileReference; lastKnownFileType = file.storyboard; name = Base; path = Base.lproj/Main.storyboard; sourceTree = "<group>"; };
		A33D96CF2998572000588EEF /* Assets.xcassets */ = {isa = PBXFileReference; lastKnownFileType = folder.assetcatalog; path = Assets.xcassets; sourceTree = "<group>"; };
		A33D96D22998572000588EEF /* Base */ = {isa = PBXFileReference; lastKnownFileType = file.storyboard; name = Base; path = Base.lproj/LaunchScreen.storyboard; sourceTree = "<group>"; };
		A33D96D42998572000588EEF /* Info.plist */ = {isa = PBXFileReference; lastKnownFileType = text.plist.xml; path = Info.plist; sourceTree = "<group>"; };
		A33D96DF29985AB200588EEF /* LoginViewController.swift */ = {isa = PBXFileReference; lastKnownFileType = sourcecode.swift; path = LoginViewController.swift; sourceTree = "<group>"; };
		A33D96E129985EAD00588EEF /* LoginView.swift */ = {isa = PBXFileReference; lastKnownFileType = sourcecode.swift; path = LoginView.swift; sourceTree = "<group>"; };
		A33D96E32998783900588EEF /* MainViewController.swift */ = {isa = PBXFileReference; lastKnownFileType = sourcecode.swift; path = MainViewController.swift; sourceTree = "<group>"; };
		A33D96E529988BD600588EEF /* MovieCollectionViewCell.swift */ = {isa = PBXFileReference; lastKnownFileType = sourcecode.swift; path = MovieCollectionViewCell.swift; sourceTree = "<group>"; };
		A33D96E72999891100588EEF /* ProfileViewController.swift */ = {isa = PBXFileReference; lastKnownFileType = sourcecode.swift; path = ProfileViewController.swift; sourceTree = "<group>"; };
		A33D96E92999C45200588EEF /* Movie.swift */ = {isa = PBXFileReference; lastKnownFileType = sourcecode.swift; path = Movie.swift; sourceTree = "<group>"; };
		A33D96EB2999C5B800588EEF /* MovieResults.swift */ = {isa = PBXFileReference; lastKnownFileType = sourcecode.swift; path = MovieResults.swift; sourceTree = "<group>"; };
		A33D96EE2999CF3500588EEF /* MovieCellViewModel.swift */ = {isa = PBXFileReference; lastKnownFileType = sourcecode.swift; path = MovieCellViewModel.swift; sourceTree = "<group>"; };
		A33D96F02999E67E00588EEF /* APIService.swift */ = {isa = PBXFileReference; lastKnownFileType = sourcecode.swift; path = APIService.swift; sourceTree = "<group>"; };
		A33D96F22999F67800588EEF /* MovieDetailViewController.swift */ = {isa = PBXFileReference; lastKnownFileType = sourcecode.swift; path = MovieDetailViewController.swift; sourceTree = "<group>"; };
		A33D96F4299AF35900588EEF /* MovieDetailViewModel.swift */ = {isa = PBXFileReference; lastKnownFileType = sourcecode.swift; path = MovieDetailViewModel.swift; sourceTree = "<group>"; };
		A33D96F6299AF79E00588EEF /* MovieDetailView.swift */ = {isa = PBXFileReference; lastKnownFileType = sourcecode.swift; path = MovieDetailView.swift; sourceTree = "<group>"; };
		A33D96F9299B127000588EEF /* MovieDBModel.xcdatamodel */ = {isa = PBXFileReference; lastKnownFileType = wrapper.xcdatamodel; path = MovieDBModel.xcdatamodel; sourceTree = "<group>"; };
		A33D96FC299B144D00588EEF /* UIViewController+Loader.swift */ = {isa = PBXFileReference; lastKnownFileType = sourcecode.swift; path = "UIViewController+Loader.swift"; sourceTree = "<group>"; };
		A33D96FF299B17C200588EEF /* MovieEntity+CoreDataClass.swift */ = {isa = PBXFileReference; lastKnownFileType = sourcecode.swift; path = "MovieEntity+CoreDataClass.swift"; sourceTree = "<group>"; };
		A33D9700299B17C200588EEF /* MovieEntity+CoreDataProperties.swift */ = {isa = PBXFileReference; lastKnownFileType = sourcecode.swift; path = "MovieEntity+CoreDataProperties.swift"; sourceTree = "<group>"; };
		A33D9703299B1FB900588EEF /* CoreDataStack.swift */ = {isa = PBXFileReference; lastKnownFileType = sourcecode.swift; path = CoreDataStack.swift; sourceTree = "<group>"; };
		A33D9706299B29A700588EEF /* UserData.swift */ = {isa = PBXFileReference; lastKnownFileType = sourcecode.swift; path = UserData.swift; sourceTree = "<group>"; };
		A3D69A7629A04BDC002FFB6C /* MovieResultsViewModel.swift */ = {isa = PBXFileReference; lastKnownFileType = sourcecode.swift; path = MovieResultsViewModel.swift; sourceTree = "<group>"; };
		A3D69A7829A0715B002FFB6C /* UIViewController+Alert.swift */ = {isa = PBXFileReference; lastKnownFileType = sourcecode.swift; path = "UIViewController+Alert.swift"; sourceTree = "<group>"; };
		BE4EEBCB0F55734DEBDFD93A /* Pods_MovieDB_Test_Coppel.framework */ = {isa = PBXFileReference; explicitFileType = wrapper.framework; includeInIndex = 0; path = Pods_MovieDB_Test_Coppel.framework; sourceTree = BUILT_PRODUCTS_DIR; };
/* End PBXFileReference section */

/* Begin PBXFrameworksBuildPhase section */
		A33D96C02998571E00588EEF /* Frameworks */ = {
			isa = PBXFrameworksBuildPhase;
			buildActionMask = 2147483647;
			files = (
				52903A3923E267B57397466C /* Pods_MovieDB_Test_Coppel.framework in Frameworks */,
			);
			runOnlyForDeploymentPostprocessing = 0;
		};
/* End PBXFrameworksBuildPhase section */

/* Begin PBXGroup section */
		2404618E625426D43DDA6A8F /* Pods */ = {
			isa = PBXGroup;
			children = (
				08B451F81D7CEB5F8B97CAFF /* Pods-MovieDB Test Coppel.debug.xcconfig */,
				554012285B99FE5002E48A14 /* Pods-MovieDB Test Coppel.release.xcconfig */,
			);
			path = Pods;
			sourceTree = "<group>";
		};
		A33D96BA2998571E00588EEF = {
			isa = PBXGroup;
			children = (
				A33D96C52998571E00588EEF /* MovieDB Test Coppel */,
				A33D96C42998571E00588EEF /* Products */,
				2404618E625426D43DDA6A8F /* Pods */,
				C482397710D03FA482F0FE1A /* Frameworks */,
			);
			sourceTree = "<group>";
		};
		A33D96C42998571E00588EEF /* Products */ = {
			isa = PBXGroup;
			children = (
				A33D96C32998571E00588EEF /* MovieDB Test Coppel.app */,
			);
			name = Products;
			sourceTree = "<group>";
		};
		A33D96C52998571E00588EEF /* MovieDB Test Coppel */ = {
			isa = PBXGroup;
			children = (
				A33D9705299B299500588EEF /* UserData */,
				A33D96FE299B17AA00588EEF /* CoreData */,
				A33D96FB299B143C00588EEF /* Extensions */,
				A33D96ED2999CF1D00588EEF /* ViewModel */,
				A33D96DE29985A8100588EEF /* Network */,
				A33D96DD29985A7C00588EEF /* Model */,
				A33D96DC29985A6900588EEF /* View */,
				A33D96DA29985A5A00588EEF /* Screens */,
				A33D96C62998571E00588EEF /* AppDelegate.swift */,
				A33D96C82998571E00588EEF /* SceneDelegate.swift */,
				A33D96CA2998571E00588EEF /* ViewController.swift */,
				A33D96CC2998571E00588EEF /* Main.storyboard */,
				A33D96CF2998572000588EEF /* Assets.xcassets */,
				A33D96D12998572000588EEF /* LaunchScreen.storyboard */,
				A33D96D42998572000588EEF /* Info.plist */,
				A33D96F8299B127000588EEF /* MovieDBModel.xcdatamodeld */,
			);
			path = "MovieDB Test Coppel";
			sourceTree = "<group>";
		};
		A33D96DA29985A5A00588EEF /* Screens */ = {
			isa = PBXGroup;
			children = (
				A33D96DF29985AB200588EEF /* LoginViewController.swift */,
				A33D96E32998783900588EEF /* MainViewController.swift */,
				A33D96E72999891100588EEF /* ProfileViewController.swift */,
				A33D96F22999F67800588EEF /* MovieDetailViewController.swift */,
			);
			path = Screens;
			sourceTree = "<group>";
		};
		A33D96DC29985A6900588EEF /* View */ = {
			isa = PBXGroup;
			children = (
				A33D96E129985EAD00588EEF /* LoginView.swift */,
				A33D96E529988BD600588EEF /* MovieCollectionViewCell.swift */,
				A33D96F6299AF79E00588EEF /* MovieDetailView.swift */,
			);
			path = View;
			sourceTree = "<group>";
		};
		A33D96DD29985A7C00588EEF /* Model */ = {
			isa = PBXGroup;
			children = (
				A33D96E92999C45200588EEF /* Movie.swift */,
				A33D96EB2999C5B800588EEF /* MovieResults.swift */,
			);
			path = Model;
			sourceTree = "<group>";
		};
		A33D96DE29985A8100588EEF /* Network */ = {
			isa = PBXGroup;
			children = (
				A33D96F02999E67E00588EEF /* APIService.swift */,
			);
			path = Network;
			sourceTree = "<group>";
		};
		A33D96ED2999CF1D00588EEF /* ViewModel */ = {
			isa = PBXGroup;
			children = (
				A33D96EE2999CF3500588EEF /* MovieCellViewModel.swift */,
				A33D96F4299AF35900588EEF /* MovieDetailViewModel.swift */,
				A3D69A7629A04BDC002FFB6C /* MovieResultsViewModel.swift */,
			);
			path = ViewModel;
			sourceTree = "<group>";
		};
		A33D96FB299B143C00588EEF /* Extensions */ = {
			isa = PBXGroup;
			children = (
				A33D96FC299B144D00588EEF /* UIViewController+Loader.swift */,
				A3D69A7829A0715B002FFB6C /* UIViewController+Alert.swift */,
			);
			path = Extensions;
			sourceTree = "<group>";
		};
		A33D96FE299B17AA00588EEF /* CoreData */ = {
			isa = PBXGroup;
			children = (
				A33D96FF299B17C200588EEF /* MovieEntity+CoreDataClass.swift */,
				A33D9700299B17C200588EEF /* MovieEntity+CoreDataProperties.swift */,
				A33D9703299B1FB900588EEF /* CoreDataStack.swift */,
			);
			path = CoreData;
			sourceTree = "<group>";
		};
		A33D9705299B299500588EEF /* UserData */ = {
			isa = PBXGroup;
			children = (
				A33D9706299B29A700588EEF /* UserData.swift */,
			);
			path = UserData;
			sourceTree = "<group>";
		};
		C482397710D03FA482F0FE1A /* Frameworks */ = {
			isa = PBXGroup;
			children = (
				BE4EEBCB0F55734DEBDFD93A /* Pods_MovieDB_Test_Coppel.framework */,
			);
			name = Frameworks;
			sourceTree = "<group>";
		};
/* End PBXGroup section */

/* Begin PBXNativeTarget section */
		A33D96C22998571E00588EEF /* MovieDB Test Coppel */ = {
			isa = PBXNativeTarget;
			buildConfigurationList = A33D96D72998572000588EEF /* Build configuration list for PBXNativeTarget "MovieDB Test Coppel" */;
			buildPhases = (
				7D576BCA79843E64AA7BB279 /* [CP] Check Pods Manifest.lock */,
				A33D96BF2998571E00588EEF /* Sources */,
				A33D96C02998571E00588EEF /* Frameworks */,
				A33D96C12998571E00588EEF /* Resources */,
				5431F0C394476B8B0CEFFB4A /* [CP] Embed Pods Frameworks */,
			);
			buildRules = (
			);
			dependencies = (
			);
			name = "MovieDB Test Coppel";
			productName = "MovieDB Test Coppel";
			productReference = A33D96C32998571E00588EEF /* MovieDB Test Coppel.app */;
			productType = "com.apple.product-type.application";
		};
/* End PBXNativeTarget section */

/* Begin PBXProject section */
		A33D96BB2998571E00588EEF /* Project object */ = {
			isa = PBXProject;
			attributes = {
				BuildIndependentTargetsInParallel = 1;
				LastSwiftUpdateCheck = 1340;
				LastUpgradeCheck = 1340;
				TargetAttributes = {
					A33D96C22998571E00588EEF = {
						CreatedOnToolsVersion = 13.4.1;
					};
				};
			};
			buildConfigurationList = A33D96BE2998571E00588EEF /* Build configuration list for PBXProject "MovieDB Test Coppel" */;
			compatibilityVersion = "Xcode 13.0";
			developmentRegion = en;
			hasScannedForEncodings = 0;
			knownRegions = (
				en,
				Base,
			);
			mainGroup = A33D96BA2998571E00588EEF;
			productRefGroup = A33D96C42998571E00588EEF /* Products */;
			projectDirPath = "";
			projectRoot = "";
			targets = (
				A33D96C22998571E00588EEF /* MovieDB Test Coppel */,
			);
		};
/* End PBXProject section */

/* Begin PBXResourcesBuildPhase section */
		A33D96C12998571E00588EEF /* Resources */ = {
			isa = PBXResourcesBuildPhase;
			buildActionMask = 2147483647;
			files = (
				A33D96D32998572000588EEF /* LaunchScreen.storyboard in Resources */,
				A33D96D02998572000588EEF /* Assets.xcassets in Resources */,
				A33D96CE2998571E00588EEF /* Main.storyboard in Resources */,
			);
			runOnlyForDeploymentPostprocessing = 0;
		};
/* End PBXResourcesBuildPhase section */

/* Begin PBXShellScriptBuildPhase section */
		5431F0C394476B8B0CEFFB4A /* [CP] Embed Pods Frameworks */ = {
			isa = PBXShellScriptBuildPhase;
			buildActionMask = 2147483647;
			files = (
			);
			inputFileListPaths = (
				"${PODS_ROOT}/Target Support Files/Pods-MovieDB Test Coppel/Pods-MovieDB Test Coppel-frameworks-${CONFIGURATION}-input-files.xcfilelist",
			);
			name = "[CP] Embed Pods Frameworks";
			outputFileListPaths = (
				"${PODS_ROOT}/Target Support Files/Pods-MovieDB Test Coppel/Pods-MovieDB Test Coppel-frameworks-${CONFIGURATION}-output-files.xcfilelist",
			);
			runOnlyForDeploymentPostprocessing = 0;
			shellPath = /bin/sh;
			shellScript = "\"${PODS_ROOT}/Target Support Files/Pods-MovieDB Test Coppel/Pods-MovieDB Test Coppel-frameworks.sh\"\n";
			showEnvVarsInLog = 0;
		};
		7D576BCA79843E64AA7BB279 /* [CP] Check Pods Manifest.lock */ = {
			isa = PBXShellScriptBuildPhase;
			buildActionMask = 2147483647;
			files = (
			);
			inputFileListPaths = (
			);
			inputPaths = (
				"${PODS_PODFILE_DIR_PATH}/Podfile.lock",
				"${PODS_ROOT}/Manifest.lock",
			);
			name = "[CP] Check Pods Manifest.lock";
			outputFileListPaths = (
			);
			outputPaths = (
				"$(DERIVED_FILE_DIR)/Pods-MovieDB Test Coppel-checkManifestLockResult.txt",
			);
			runOnlyForDeploymentPostprocessing = 0;
			shellPath = /bin/sh;
			shellScript = "diff \"${PODS_PODFILE_DIR_PATH}/Podfile.lock\" \"${PODS_ROOT}/Manifest.lock\" > /dev/null\nif [ $? != 0 ] ; then\n    # print error to STDERR\n    echo \"error: The sandbox is not in sync with the Podfile.lock. Run 'pod install' or update your CocoaPods installation.\" >&2\n    exit 1\nfi\n# This output is used by Xcode 'outputs' to avoid re-running this script phase.\necho \"SUCCESS\" > \"${SCRIPT_OUTPUT_FILE_0}\"\n";
			showEnvVarsInLog = 0;
		};
/* End PBXShellScriptBuildPhase section */

/* Begin PBXSourcesBuildPhase section */
		A33D96BF2998571E00588EEF /* Sources */ = {
			isa = PBXSourcesBuildPhase;
			buildActionMask = 2147483647;
			files = (
				A33D96F7299AF79E00588EEF /* MovieDetailView.swift in Sources */,
				A33D96EF2999CF3500588EEF /* MovieCellViewModel.swift in Sources */,
				A33D96E029985AB200588EEF /* LoginViewController.swift in Sources */,
				A33D96CB2998571E00588EEF /* ViewController.swift in Sources */,
				A33D96EA2999C45200588EEF /* Movie.swift in Sources */,
				A33D96F32999F67800588EEF /* MovieDetailViewController.swift in Sources */,
				A33D96C72998571E00588EEF /* AppDelegate.swift in Sources */,
				A33D9701299B17C200588EEF /* MovieEntity+CoreDataClass.swift in Sources */,
				A33D96E42998783900588EEF /* MainViewController.swift in Sources */,
				A33D9707299B29A700588EEF /* UserData.swift in Sources */,
				A33D96FD299B144D00588EEF /* UIViewController+Loader.swift in Sources */,
				A33D96FA299B127000588EEF /* MovieDBModel.xcdatamodeld in Sources */,
				A3D69A7929A0715B002FFB6C /* UIViewController+Alert.swift in Sources */,
				A3D69A7729A04BDC002FFB6C /* MovieResultsViewModel.swift in Sources */,
				A33D96E629988BD600588EEF /* MovieCollectionViewCell.swift in Sources */,
				A33D96E229985EAD00588EEF /* LoginView.swift in Sources */,
				A33D9702299B17C200588EEF /* MovieEntity+CoreDataProperties.swift in Sources */,
				A33D96EC2999C5B800588EEF /* MovieResults.swift in Sources */,
				A33D9704299B1FBA00588EEF /* CoreDataStack.swift in Sources */,
				A33D96E82999891100588EEF /* ProfileViewController.swift in Sources */,
				A33D96F12999E67E00588EEF /* APIService.swift in Sources */,
				A33D96F5299AF35900588EEF /* MovieDetailViewModel.swift in Sources */,
				A33D96C92998571E00588EEF /* SceneDelegate.swift in Sources */,
			);
			runOnlyForDeploymentPostprocessing = 0;
		};
/* End PBXSourcesBuildPhase section */

/* Begin PBXVariantGroup section */
		A33D96CC2998571E00588EEF /* Main.storyboard */ = {
			isa = PBXVariantGroup;
			children = (
				A33D96CD2998571E00588EEF /* Base */,
			);
			name = Main.storyboard;
			sourceTree = "<group>";
		};
		A33D96D12998572000588EEF /* LaunchScreen.storyboard */ = {
			isa = PBXVariantGroup;
			children = (
				A33D96D22998572000588EEF /* Base */,
			);
			name = LaunchScreen.storyboard;
			sourceTree = "<group>";
		};
/* End PBXVariantGroup section */

/* Begin XCBuildConfiguration section */
		A33D96D52998572000588EEF /* Debug */ = {
			isa = XCBuildConfiguration;
			buildSettings = {
				ALWAYS_SEARCH_USER_PATHS = NO;
				CLANG_ANALYZER_NONNULL = YES;
				CLANG_ANALYZER_NUMBER_OBJECT_CONVERSION = YES_AGGRESSIVE;
				CLANG_CXX_LANGUAGE_STANDARD = "gnu++17";
				CLANG_ENABLE_MODULES = YES;
				CLANG_ENABLE_OBJC_ARC = YES;
				CLANG_ENABLE_OBJC_WEAK = YES;
				CLANG_WARN_BLOCK_CAPTURE_AUTORELEASING = YES;
				CLANG_WARN_BOOL_CONVERSION = YES;
				CLANG_WARN_COMMA = YES;
				CLANG_WARN_CONSTANT_CONVERSION = YES;
				CLANG_WARN_DEPRECATED_OBJC_IMPLEMENTATIONS = YES;
				CLANG_WARN_DIRECT_OBJC_ISA_USAGE = YES_ERROR;
				CLANG_WARN_DOCUMENTATION_COMMENTS = YES;
				CLANG_WARN_EMPTY_BODY = YES;
				CLANG_WARN_ENUM_CONVERSION = YES;
				CLANG_WARN_INFINITE_RECURSION = YES;
				CLANG_WARN_INT_CONVERSION = YES;
				CLANG_WARN_NON_LITERAL_NULL_CONVERSION = YES;
				CLANG_WARN_OBJC_IMPLICIT_RETAIN_SELF = YES;
				CLANG_WARN_OBJC_LITERAL_CONVERSION = YES;
				CLANG_WARN_OBJC_ROOT_CLASS = YES_ERROR;
				CLANG_WARN_QUOTED_INCLUDE_IN_FRAMEWORK_HEADER = YES;
				CLANG_WARN_RANGE_LOOP_ANALYSIS = YES;
				CLANG_WARN_STRICT_PROTOTYPES = YES;
				CLANG_WARN_SUSPICIOUS_MOVE = YES;
				CLANG_WARN_UNGUARDED_AVAILABILITY = YES_AGGRESSIVE;
				CLANG_WARN_UNREACHABLE_CODE = YES;
				CLANG_WARN__DUPLICATE_METHOD_MATCH = YES;
				COPY_PHASE_STRIP = NO;
				DEBUG_INFORMATION_FORMAT = dwarf;
				ENABLE_STRICT_OBJC_MSGSEND = YES;
				ENABLE_TESTABILITY = YES;
				GCC_C_LANGUAGE_STANDARD = gnu11;
				GCC_DYNAMIC_NO_PIC = NO;
				GCC_NO_COMMON_BLOCKS = YES;
				GCC_OPTIMIZATION_LEVEL = 0;
				GCC_PREPROCESSOR_DEFINITIONS = (
					"DEBUG=1",
					"$(inherited)",
				);
				GCC_WARN_64_TO_32_BIT_CONVERSION = YES;
				GCC_WARN_ABOUT_RETURN_TYPE = YES_ERROR;
				GCC_WARN_UNDECLARED_SELECTOR = YES;
				GCC_WARN_UNINITIALIZED_AUTOS = YES_AGGRESSIVE;
				GCC_WARN_UNUSED_FUNCTION = YES;
				GCC_WARN_UNUSED_VARIABLE = YES;
				IPHONEOS_DEPLOYMENT_TARGET = 15.5;
				MTL_ENABLE_DEBUG_INFO = INCLUDE_SOURCE;
				MTL_FAST_MATH = YES;
				ONLY_ACTIVE_ARCH = YES;
				SDKROOT = iphoneos;
				SWIFT_ACTIVE_COMPILATION_CONDITIONS = DEBUG;
				SWIFT_OPTIMIZATION_LEVEL = "-Onone";
			};
			name = Debug;
		};
		A33D96D62998572000588EEF /* Release */ = {
			isa = XCBuildConfiguration;
			buildSettings = {
				ALWAYS_SEARCH_USER_PATHS = NO;
				CLANG_ANALYZER_NONNULL = YES;
				CLANG_ANALYZER_NUMBER_OBJECT_CONVERSION = YES_AGGRESSIVE;
				CLANG_CXX_LANGUAGE_STANDARD = "gnu++17";
				CLANG_ENABLE_MODULES = YES;
				CLANG_ENABLE_OBJC_ARC = YES;
				CLANG_ENABLE_OBJC_WEAK = YES;
				CLANG_WARN_BLOCK_CAPTURE_AUTORELEASING = YES;
				CLANG_WARN_BOOL_CONVERSION = YES;
				CLANG_WARN_COMMA = YES;
				CLANG_WARN_CONSTANT_CONVERSION = YES;
				CLANG_WARN_DEPRECATED_OBJC_IMPLEMENTATIONS = YES;
				CLANG_WARN_DIRECT_OBJC_ISA_USAGE = YES_ERROR;
				CLANG_WARN_DOCUMENTATION_COMMENTS = YES;
				CLANG_WARN_EMPTY_BODY = YES;
				CLANG_WARN_ENUM_CONVERSION = YES;
				CLANG_WARN_INFINITE_RECURSION = YES;
				CLANG_WARN_INT_CONVERSION = YES;
				CLANG_WARN_NON_LITERAL_NULL_CONVERSION = YES;
				CLANG_WARN_OBJC_IMPLICIT_RETAIN_SELF = YES;
				CLANG_WARN_OBJC_LITERAL_CONVERSION = YES;
				CLANG_WARN_OBJC_ROOT_CLASS = YES_ERROR;
				CLANG_WARN_QUOTED_INCLUDE_IN_FRAMEWORK_HEADER = YES;
				CLANG_WARN_RANGE_LOOP_ANALYSIS = YES;
				CLANG_WARN_STRICT_PROTOTYPES = YES;
				CLANG_WARN_SUSPICIOUS_MOVE = YES;
				CLANG_WARN_UNGUARDED_AVAILABILITY = YES_AGGRESSIVE;
				CLANG_WARN_UNREACHABLE_CODE = YES;
				CLANG_WARN__DUPLICATE_METHOD_MATCH = YES;
				COPY_PHASE_STRIP = NO;
				DEBUG_INFORMATION_FORMAT = "dwarf-with-dsym";
				ENABLE_NS_ASSERTIONS = NO;
				ENABLE_STRICT_OBJC_MSGSEND = YES;
				GCC_C_LANGUAGE_STANDARD = gnu11;
				GCC_NO_COMMON_BLOCKS = YES;
				GCC_WARN_64_TO_32_BIT_CONVERSION = YES;
				GCC_WARN_ABOUT_RETURN_TYPE = YES_ERROR;
				GCC_WARN_UNDECLARED_SELECTOR = YES;
				GCC_WARN_UNINITIALIZED_AUTOS = YES_AGGRESSIVE;
				GCC_WARN_UNUSED_FUNCTION = YES;
				GCC_WARN_UNUSED_VARIABLE = YES;
				IPHONEOS_DEPLOYMENT_TARGET = 15.5;
				MTL_ENABLE_DEBUG_INFO = NO;
				MTL_FAST_MATH = YES;
				SDKROOT = iphoneos;
				SWIFT_COMPILATION_MODE = wholemodule;
				SWIFT_OPTIMIZATION_LEVEL = "-O";
				VALIDATE_PRODUCT = YES;
			};
			name = Release;
		};
		A33D96D82998572000588EEF /* Debug */ = {
			isa = XCBuildConfiguration;
			baseConfigurationReference = 08B451F81D7CEB5F8B97CAFF /* Pods-MovieDB Test Coppel.debug.xcconfig */;
			buildSettings = {
				ASSETCATALOG_COMPILER_APPICON_NAME = AppIcon;
				ASSETCATALOG_COMPILER_GLOBAL_ACCENT_COLOR_NAME = AccentColor;
				CODE_SIGN_STYLE = Automatic;
				CURRENT_PROJECT_VERSION = 1;
				DEVELOPMENT_TEAM = 64C5X64RF7;
				GENERATE_INFOPLIST_FILE = YES;
				INFOPLIST_FILE = "MovieDB Test Coppel/Info.plist";
				INFOPLIST_KEY_UIApplicationSupportsIndirectInputEvents = YES;
				INFOPLIST_KEY_UILaunchStoryboardName = LaunchScreen;
				INFOPLIST_KEY_UIMainStoryboardFile = Main;
				INFOPLIST_KEY_UISupportedInterfaceOrientations = UIInterfaceOrientationPortrait;
				INFOPLIST_KEY_UISupportedInterfaceOrientations_iPad = "UIInterfaceOrientationPortrait UIInterfaceOrientationPortraitUpsideDown UIInterfaceOrientationLandscapeLeft UIInterfaceOrientationLandscapeRight";
				INFOPLIST_KEY_UISupportedInterfaceOrientations_iPhone = "UIInterfaceOrientationPortrait UIInterfaceOrientationLandscapeLeft UIInterfaceOrientationLandscapeRight";
				LD_RUNPATH_SEARCH_PATHS = (
					"$(inherited)",
					"@executable_path/Frameworks",
				);
				MARKETING_VERSION = 1.0;
				PRODUCT_BUNDLE_IDENTIFIER = "com.aep.MovieDB-Test-Coppel";
				PRODUCT_NAME = "$(TARGET_NAME)";
				SWIFT_EMIT_LOC_STRINGS = YES;
				SWIFT_VERSION = 5.0;
				TARGETED_DEVICE_FAMILY = 1;
			};
			name = Debug;
		};
		A33D96D92998572000588EEF /* Release */ = {
			isa = XCBuildConfiguration;
			baseConfigurationReference = 554012285B99FE5002E48A14 /* Pods-MovieDB Test Coppel.release.xcconfig */;
			buildSettings = {
				ASSETCATALOG_COMPILER_APPICON_NAME = AppIcon;
				ASSETCATALOG_COMPILER_GLOBAL_ACCENT_COLOR_NAME = AccentColor;
				CODE_SIGN_STYLE = Automatic;
				CURRENT_PROJECT_VERSION = 1;
				DEVELOPMENT_TEAM = 64C5X64RF7;
				GENERATE_INFOPLIST_FILE = YES;
				INFOPLIST_FILE = "MovieDB Test Coppel/Info.plist";
				INFOPLIST_KEY_UIApplicationSupportsIndirectInputEvents = YES;
				INFOPLIST_KEY_UILaunchStoryboardName = LaunchScreen;
				INFOPLIST_KEY_UIMainStoryboardFile = Main;
				INFOPLIST_KEY_UISupportedInterfaceOrientations = UIInterfaceOrientationPortrait;
				INFOPLIST_KEY_UISupportedInterfaceOrientations_iPad = "UIInterfaceOrientationPortrait UIInterfaceOrientationPortraitUpsideDown UIInterfaceOrientationLandscapeLeft UIInterfaceOrientationLandscapeRight";
				INFOPLIST_KEY_UISupportedInterfaceOrientations_iPhone = "UIInterfaceOrientationPortrait UIInterfaceOrientationLandscapeLeft UIInterfaceOrientationLandscapeRight";
				LD_RUNPATH_SEARCH_PATHS = (
					"$(inherited)",
					"@executable_path/Frameworks",
				);
				MARKETING_VERSION = 1.0;
				PRODUCT_BUNDLE_IDENTIFIER = "com.aep.MovieDB-Test-Coppel";
				PRODUCT_NAME = "$(TARGET_NAME)";
				SWIFT_EMIT_LOC_STRINGS = YES;
				SWIFT_VERSION = 5.0;
				TARGETED_DEVICE_FAMILY = 1;
			};
			name = Release;
		};
/* End XCBuildConfiguration section */

/* Begin XCConfigurationList section */
		A33D96BE2998571E00588EEF /* Build configuration list for PBXProject "MovieDB Test Coppel" */ = {
			isa = XCConfigurationList;
			buildConfigurations = (
				A33D96D52998572000588EEF /* Debug */,
				A33D96D62998572000588EEF /* Release */,
			);
			defaultConfigurationIsVisible = 0;
			defaultConfigurationName = Release;
		};
		A33D96D72998572000588EEF /* Build configuration list for PBXNativeTarget "MovieDB Test Coppel" */ = {
			isa = XCConfigurationList;
			buildConfigurations = (
				A33D96D82998572000588EEF /* Debug */,
				A33D96D92998572000588EEF /* Release */,
			);
			defaultConfigurationIsVisible = 0;
			defaultConfigurationName = Release;
		};
/* End XCConfigurationList section */

/* Begin XCVersionGroup section */
		A33D96F8299B127000588EEF /* MovieDBModel.xcdatamodeld */ = {
			isa = XCVersionGroup;
			children = (
				A33D96F9299B127000588EEF /* MovieDBModel.xcdatamodel */,
			);
			currentVersion = A33D96F9299B127000588EEF /* MovieDBModel.xcdatamodel */;
			path = MovieDBModel.xcdatamodeld;
			sourceTree = "<group>";
			versionGroupType = wrapper.xcdatamodel;
		};
/* End XCVersionGroup section */
	};
	rootObject = A33D96BB2998571E00588EEF /* Project object */;
}
